// !$*UTF8*$!
{
	archiveVersion = 1;
	classes = {
	};
	objectVersion = 56;
	objects = {

/* Begin PBXBuildFile section */
		862B8DE42C3426600027CC4C /* todo_listApp.swift in Sources */ = {isa = PBXBuildFile; fileRef = 862B8DE32C3426600027CC4C /* todo_listApp.swift */; };
		862B8DE62C3426600027CC4C /* MainView.swift in Sources */ = {isa = PBXBuildFile; fileRef = 862B8DE52C3426600027CC4C /* MainView.swift */; };
		862B8DE82C3426610027CC4C /* Assets.xcassets in Resources */ = {isa = PBXBuildFile; fileRef = 862B8DE72C3426610027CC4C /* Assets.xcassets */; };
		862B8DEB2C3426610027CC4C /* Preview Assets.xcassets in Resources */ = {isa = PBXBuildFile; fileRef = 862B8DEA2C3426610027CC4C /* Preview Assets.xcassets */; };
		862B8DF52C3426620027CC4C /* todo_listTests.swift in Sources */ = {isa = PBXBuildFile; fileRef = 862B8DF42C3426620027CC4C /* todo_listTests.swift */; };
		862B8DFF2C3426620027CC4C /* todo_listUITests.swift in Sources */ = {isa = PBXBuildFile; fileRef = 862B8DFE2C3426620027CC4C /* todo_listUITests.swift */; };
		862B8E012C3426620027CC4C /* todo_listUITestsLaunchTests.swift in Sources */ = {isa = PBXBuildFile; fileRef = 862B8E002C3426620027CC4C /* todo_listUITestsLaunchTests.swift */; };
		869291AE2C342B8B000616A4 /* FirebaseAuth in Frameworks */ = {isa = PBXBuildFile; productRef = 869291AD2C342B8B000616A4 /* FirebaseAuth */; };
		869291B42C342FD1000616A4 /* GoogleService-Info.plist in Resources */ = {isa = PBXBuildFile; fileRef = 869291B32C342FD1000616A4 /* GoogleService-Info.plist */; };
		869291BA2C3438C2000616A4 /* ProfileView.swift in Sources */ = {isa = PBXBuildFile; fileRef = 869291B92C3438C2000616A4 /* ProfileView.swift */; };
		869291BC2C3438D9000616A4 /* TodoListItemsView.swift in Sources */ = {isa = PBXBuildFile; fileRef = 869291BB2C3438D9000616A4 /* TodoListItemsView.swift */; };
		869291BE2C3438E6000616A4 /* NewItemView.swift in Sources */ = {isa = PBXBuildFile; fileRef = 869291BD2C3438E6000616A4 /* NewItemView.swift */; };
		869291C02C3438F4000616A4 /* LoginView.swift in Sources */ = {isa = PBXBuildFile; fileRef = 869291BF2C3438F4000616A4 /* LoginView.swift */; };
		869291C22C34390C000616A4 /* RegisterView.swift in Sources */ = {isa = PBXBuildFile; fileRef = 869291C12C34390C000616A4 /* RegisterView.swift */; };
		869291C42C343940000616A4 /* TodoListView.swift in Sources */ = {isa = PBXBuildFile; fileRef = 869291C32C34393F000616A4 /* TodoListView.swift */; };
		869291C62C343968000616A4 /* User.swift in Sources */ = {isa = PBXBuildFile; fileRef = 869291C52C343968000616A4 /* User.swift */; };
		869291C82C343979000616A4 /* TodoListItem.swift in Sources */ = {isa = PBXBuildFile; fileRef = 869291C72C343979000616A4 /* TodoListItem.swift */; };
		869291CA2C34399B000616A4 /* MainViewModel.swift in Sources */ = {isa = PBXBuildFile; fileRef = 869291C92C34399B000616A4 /* MainViewModel.swift */; };
		869291CC2C3439AB000616A4 /* ProfileViewModel.swift in Sources */ = {isa = PBXBuildFile; fileRef = 869291CB2C3439AB000616A4 /* ProfileViewModel.swift */; };
		869291CE2C3439DA000616A4 /* TodoListItemsViewModel.swift in Sources */ = {isa = PBXBuildFile; fileRef = 869291CD2C3439DA000616A4 /* TodoListItemsViewModel.swift */; };
		869291D02C3439EA000616A4 /* NewItemViewModel.swift in Sources */ = {isa = PBXBuildFile; fileRef = 869291CF2C3439EA000616A4 /* NewItemViewModel.swift */; };
		869291D22C343A08000616A4 /* LoginViewModel.swift in Sources */ = {isa = PBXBuildFile; fileRef = 869291D12C343A08000616A4 /* LoginViewModel.swift */; };
		869291D42C343A1A000616A4 /* RegisterViewModel.swift in Sources */ = {isa = PBXBuildFile; fileRef = 869291D32C343A1A000616A4 /* RegisterViewModel.swift */; };
		869291D62C343A2C000616A4 /* TodoListViewModel.swift in Sources */ = {isa = PBXBuildFile; fileRef = 869291D52C343A2C000616A4 /* TodoListViewModel.swift */; };
		869291D82C343E57000616A4 /* HeaderView.swift in Sources */ = {isa = PBXBuildFile; fileRef = 869291D72C343E57000616A4 /* HeaderView.swift */; };
		869291DA2C3459CC000616A4 /* TLButton.swift in Sources */ = {isa = PBXBuildFile; fileRef = 869291D92C3459CC000616A4 /* TLButton.swift */; };
		869291DC2C346909000616A4 /* Extensions.swift in Sources */ = {isa = PBXBuildFile; fileRef = 869291DB2C346909000616A4 /* Extensions.swift */; };
		869291DE2C346AAE000616A4 /* FirebaseFirestore in Frameworks */ = {isa = PBXBuildFile; productRef = 869291DD2C346AAE000616A4 /* FirebaseFirestore */; };
		869291E02C346AAE000616A4 /* FirebaseFirestoreSwift in Frameworks */ = {isa = PBXBuildFile; productRef = 869291DF2C346AAE000616A4 /* FirebaseFirestoreSwift */; };
		869291E22C349FA8000616A4 /* Launch Screen.storyboard in Resources */ = {isa = PBXBuildFile; fileRef = 869291E12C349FA8000616A4 /* Launch Screen.storyboard */; };
/* End PBXBuildFile section */

/* Begin PBXContainerItemProxy section */
		862B8DF12C3426620027CC4C /* PBXContainerItemProxy */ = {
			isa = PBXContainerItemProxy;
			containerPortal = 862B8DD82C3426600027CC4C /* Project object */;
			proxyType = 1;
			remoteGlobalIDString = 862B8DDF2C3426600027CC4C;
			remoteInfo = "todo-list";
		};
		862B8DFB2C3426620027CC4C /* PBXContainerItemProxy */ = {
			isa = PBXContainerItemProxy;
			containerPortal = 862B8DD82C3426600027CC4C /* Project object */;
			proxyType = 1;
			remoteGlobalIDString = 862B8DDF2C3426600027CC4C;
			remoteInfo = "todo-list";
		};
/* End PBXContainerItemProxy section */

/* Begin PBXFileReference section */
		862B8DE02C3426600027CC4C /* todo-list.app */ = {isa = PBXFileReference; explicitFileType = wrapper.application; includeInIndex = 0; path = "todo-list.app"; sourceTree = BUILT_PRODUCTS_DIR; };
		862B8DE32C3426600027CC4C /* todo_listApp.swift */ = {isa = PBXFileReference; lastKnownFileType = sourcecode.swift; path = todo_listApp.swift; sourceTree = "<group>"; };
		862B8DE52C3426600027CC4C /* MainView.swift */ = {isa = PBXFileReference; lastKnownFileType = sourcecode.swift; path = MainView.swift; sourceTree = "<group>"; };
		862B8DE72C3426610027CC4C /* Assets.xcassets */ = {isa = PBXFileReference; lastKnownFileType = folder.assetcatalog; path = Assets.xcassets; sourceTree = "<group>"; };
		862B8DEA2C3426610027CC4C /* Preview Assets.xcassets */ = {isa = PBXFileReference; lastKnownFileType = folder.assetcatalog; path = "Preview Assets.xcassets"; sourceTree = "<group>"; };
		862B8DF02C3426620027CC4C /* todo-listTests.xctest */ = {isa = PBXFileReference; explicitFileType = wrapper.cfbundle; includeInIndex = 0; path = "todo-listTests.xctest"; sourceTree = BUILT_PRODUCTS_DIR; };
		862B8DF42C3426620027CC4C /* todo_listTests.swift */ = {isa = PBXFileReference; lastKnownFileType = sourcecode.swift; path = todo_listTests.swift; sourceTree = "<group>"; };
		862B8DFA2C3426620027CC4C /* todo-listUITests.xctest */ = {isa = PBXFileReference; explicitFileType = wrapper.cfbundle; includeInIndex = 0; path = "todo-listUITests.xctest"; sourceTree = BUILT_PRODUCTS_DIR; };
		862B8DFE2C3426620027CC4C /* todo_listUITests.swift */ = {isa = PBXFileReference; lastKnownFileType = sourcecode.swift; path = todo_listUITests.swift; sourceTree = "<group>"; };
		862B8E002C3426620027CC4C /* todo_listUITestsLaunchTests.swift */ = {isa = PBXFileReference; lastKnownFileType = sourcecode.swift; path = todo_listUITestsLaunchTests.swift; sourceTree = "<group>"; };
		869291B32C342FD1000616A4 /* GoogleService-Info.plist */ = {isa = PBXFileReference; fileEncoding = 4; lastKnownFileType = text.plist.xml; path = "GoogleService-Info.plist"; sourceTree = "<group>"; };
		869291B92C3438C2000616A4 /* ProfileView.swift */ = {isa = PBXFileReference; lastKnownFileType = sourcecode.swift; path = ProfileView.swift; sourceTree = "<group>"; };
		869291BB2C3438D9000616A4 /* TodoListItemsView.swift */ = {isa = PBXFileReference; lastKnownFileType = sourcecode.swift; path = TodoListItemsView.swift; sourceTree = "<group>"; };
		869291BD2C3438E6000616A4 /* NewItemView.swift */ = {isa = PBXFileReference; lastKnownFileType = sourcecode.swift; path = NewItemView.swift; sourceTree = "<group>"; };
		869291BF2C3438F4000616A4 /* LoginView.swift */ = {isa = PBXFileReference; lastKnownFileType = sourcecode.swift; path = LoginView.swift; sourceTree = "<group>"; };
		869291C12C34390C000616A4 /* RegisterView.swift */ = {isa = PBXFileReference; lastKnownFileType = sourcecode.swift; path = RegisterView.swift; sourceTree = "<group>"; };
		869291C32C34393F000616A4 /* TodoListView.swift */ = {isa = PBXFileReference; lastKnownFileType = sourcecode.swift; path = TodoListView.swift; sourceTree = "<group>"; };
		869291C52C343968000616A4 /* User.swift */ = {isa = PBXFileReference; lastKnownFileType = sourcecode.swift; path = User.swift; sourceTree = "<group>"; };
		869291C72C343979000616A4 /* TodoListItem.swift */ = {isa = PBXFileReference; lastKnownFileType = sourcecode.swift; path = TodoListItem.swift; sourceTree = "<group>"; };
		869291C92C34399B000616A4 /* MainViewModel.swift */ = {isa = PBXFileReference; lastKnownFileType = sourcecode.swift; path = MainViewModel.swift; sourceTree = "<group>"; };
		869291CB2C3439AB000616A4 /* ProfileViewModel.swift */ = {isa = PBXFileReference; lastKnownFileType = sourcecode.swift; path = ProfileViewModel.swift; sourceTree = "<group>"; };
		869291CD2C3439DA000616A4 /* TodoListItemsViewModel.swift */ = {isa = PBXFileReference; lastKnownFileType = sourcecode.swift; path = TodoListItemsViewModel.swift; sourceTree = "<group>"; };
		869291CF2C3439EA000616A4 /* NewItemViewModel.swift */ = {isa = PBXFileReference; lastKnownFileType = sourcecode.swift; path = NewItemViewModel.swift; sourceTree = "<group>"; };
		869291D12C343A08000616A4 /* LoginViewModel.swift */ = {isa = PBXFileReference; lastKnownFileType = sourcecode.swift; path = LoginViewModel.swift; sourceTree = "<group>"; };
		869291D32C343A1A000616A4 /* RegisterViewModel.swift */ = {isa = PBXFileReference; lastKnownFileType = sourcecode.swift; path = RegisterViewModel.swift; sourceTree = "<group>"; };
		869291D52C343A2C000616A4 /* TodoListViewModel.swift */ = {isa = PBXFileReference; lastKnownFileType = sourcecode.swift; path = TodoListViewModel.swift; sourceTree = "<group>"; };
		869291D72C343E57000616A4 /* HeaderView.swift */ = {isa = PBXFileReference; lastKnownFileType = sourcecode.swift; path = HeaderView.swift; sourceTree = "<group>"; };
		869291D92C3459CC000616A4 /* TLButton.swift */ = {isa = PBXFileReference; lastKnownFileType = sourcecode.swift; path = TLButton.swift; sourceTree = "<group>"; };
		869291DB2C346909000616A4 /* Extensions.swift */ = {isa = PBXFileReference; lastKnownFileType = sourcecode.swift; path = Extensions.swift; sourceTree = "<group>"; };
		869291E12C349FA8000616A4 /* Launch Screen.storyboard */ = {isa = PBXFileReference; lastKnownFileType = file.storyboard; path = "Launch Screen.storyboard"; sourceTree = "<group>"; };
/* End PBXFileReference section */

/* Begin PBXFrameworksBuildPhase section */
		862B8DDD2C3426600027CC4C /* Frameworks */ = {
			isa = PBXFrameworksBuildPhase;
			buildActionMask = 2147483647;
			files = (
				869291E02C346AAE000616A4 /* FirebaseFirestoreSwift in Frameworks */,
				869291DE2C346AAE000616A4 /* FirebaseFirestore in Frameworks */,
				869291AE2C342B8B000616A4 /* FirebaseAuth in Frameworks */,
			);
			runOnlyForDeploymentPostprocessing = 0;
		};
		862B8DED2C3426620027CC4C /* Frameworks */ = {
			isa = PBXFrameworksBuildPhase;
			buildActionMask = 2147483647;
			files = (
			);
			runOnlyForDeploymentPostprocessing = 0;
		};
		862B8DF72C3426620027CC4C /* Frameworks */ = {
			isa = PBXFrameworksBuildPhase;
			buildActionMask = 2147483647;
			files = (
			);
			runOnlyForDeploymentPostprocessing = 0;
		};
/* End PBXFrameworksBuildPhase section */

/* Begin PBXGroup section */
		862B8DD72C3426600027CC4C = {
			isa = PBXGroup;
			children = (
				862B8DE22C3426600027CC4C /* todo-list */,
				862B8DF32C3426620027CC4C /* todo-listTests */,
				862B8DFD2C3426620027CC4C /* todo-listUITests */,
				862B8DE12C3426600027CC4C /* Products */,
				869291742C342A98000616A4 /* Frameworks */,
			);
			sourceTree = "<group>";
		};
		862B8DE12C3426600027CC4C /* Products */ = {
			isa = PBXGroup;
			children = (
				862B8DE02C3426600027CC4C /* todo-list.app */,
				862B8DF02C3426620027CC4C /* todo-listTests.xctest */,
				862B8DFA2C3426620027CC4C /* todo-listUITests.xctest */,
			);
			name = Products;
			sourceTree = "<group>";
		};
		862B8DE22C3426600027CC4C /* todo-list */ = {
			isa = PBXGroup;
			children = (
				869291B82C343495000616A4 /* Other */,
				869291B72C34347B000616A4 /* Models */,
				869291B62C34346D000616A4 /* ViewModels */,
				869291B52C34345E000616A4 /* Views */,
				862B8DE92C3426610027CC4C /* Preview Content */,
			);
			path = "todo-list";
			sourceTree = "<group>";
		};
		862B8DE92C3426610027CC4C /* Preview Content */ = {
			isa = PBXGroup;
			children = (
				862B8DEA2C3426610027CC4C /* Preview Assets.xcassets */,
			);
			path = "Preview Content";
			sourceTree = "<group>";
		};
		862B8DF32C3426620027CC4C /* todo-listTests */ = {
			isa = PBXGroup;
			children = (
				862B8DF42C3426620027CC4C /* todo_listTests.swift */,
			);
			path = "todo-listTests";
			sourceTree = "<group>";
		};
		862B8DFD2C3426620027CC4C /* todo-listUITests */ = {
			isa = PBXGroup;
			children = (
				862B8DFE2C3426620027CC4C /* todo_listUITests.swift */,
				862B8E002C3426620027CC4C /* todo_listUITestsLaunchTests.swift */,
			);
			path = "todo-listUITests";
			sourceTree = "<group>";
		};
		869291742C342A98000616A4 /* Frameworks */ = {
			isa = PBXGroup;
			children = (
			);
			name = Frameworks;
			sourceTree = "<group>";
		};
		869291B52C34345E000616A4 /* Views */ = {
			isa = PBXGroup;
			children = (
				862B8DE52C3426600027CC4C /* MainView.swift */,
				869291B92C3438C2000616A4 /* ProfileView.swift */,
				869291BB2C3438D9000616A4 /* TodoListItemsView.swift */,
				869291BD2C3438E6000616A4 /* NewItemView.swift */,
				869291BF2C3438F4000616A4 /* LoginView.swift */,
				869291C12C34390C000616A4 /* RegisterView.swift */,
				869291C32C34393F000616A4 /* TodoListView.swift */,
				869291D72C343E57000616A4 /* HeaderView.swift */,
				869291D92C3459CC000616A4 /* TLButton.swift */,
			);
			path = Views;
			sourceTree = "<group>";
		};
		869291B62C34346D000616A4 /* ViewModels */ = {
			isa = PBXGroup;
			children = (
				869291C92C34399B000616A4 /* MainViewModel.swift */,
				869291CB2C3439AB000616A4 /* ProfileViewModel.swift */,
				869291CD2C3439DA000616A4 /* TodoListItemsViewModel.swift */,
				869291CF2C3439EA000616A4 /* NewItemViewModel.swift */,
				869291D12C343A08000616A4 /* LoginViewModel.swift */,
				869291D32C343A1A000616A4 /* RegisterViewModel.swift */,
				869291D52C343A2C000616A4 /* TodoListViewModel.swift */,
			);
			path = ViewModels;
			sourceTree = "<group>";
		};
		869291B72C34347B000616A4 /* Models */ = {
			isa = PBXGroup;
			children = (
				869291C52C343968000616A4 /* User.swift */,
				869291C72C343979000616A4 /* TodoListItem.swift */,
			);
			path = Models;
			sourceTree = "<group>";
		};
		869291B82C343495000616A4 /* Other */ = {
			isa = PBXGroup;
			children = (
				869291B32C342FD1000616A4 /* GoogleService-Info.plist */,
				862B8DE32C3426600027CC4C /* todo_listApp.swift */,
				862B8DE72C3426610027CC4C /* Assets.xcassets */,
				869291DB2C346909000616A4 /* Extensions.swift */,
				869291E12C349FA8000616A4 /* Launch Screen.storyboard */,
			);
			path = Other;
			sourceTree = "<group>";
		};
/* End PBXGroup section */

/* Begin PBXNativeTarget section */
		862B8DDF2C3426600027CC4C /* todo-list */ = {
			isa = PBXNativeTarget;
			buildConfigurationList = 862B8E042C3426620027CC4C /* Build configuration list for PBXNativeTarget "todo-list" */;
			buildPhases = (
				862B8DDC2C3426600027CC4C /* Sources */,
				862B8DDD2C3426600027CC4C /* Frameworks */,
				862B8DDE2C3426600027CC4C /* Resources */,
			);
			buildRules = (
			);
			dependencies = (
			);
			name = "todo-list";
			packageProductDependencies = (
				869291AD2C342B8B000616A4 /* FirebaseAuth */,
				869291DD2C346AAE000616A4 /* FirebaseFirestore */,
				869291DF2C346AAE000616A4 /* FirebaseFirestoreSwift */,
			);
			productName = "todo-list";
			productReference = 862B8DE02C3426600027CC4C /* todo-list.app */;
			productType = "com.apple.product-type.application";
		};
		862B8DEF2C3426620027CC4C /* todo-listTests */ = {
			isa = PBXNativeTarget;
			buildConfigurationList = 862B8E072C3426620027CC4C /* Build configuration list for PBXNativeTarget "todo-listTests" */;
			buildPhases = (
				862B8DEC2C3426620027CC4C /* Sources */,
				862B8DED2C3426620027CC4C /* Frameworks */,
				862B8DEE2C3426620027CC4C /* Resources */,
			);
			buildRules = (
			);
			dependencies = (
				862B8DF22C3426620027CC4C /* PBXTargetDependency */,
			);
			name = "todo-listTests";
			productName = "todo-listTests";
			productReference = 862B8DF02C3426620027CC4C /* todo-listTests.xctest */;
			productType = "com.apple.product-type.bundle.unit-test";
		};
		862B8DF92C3426620027CC4C /* todo-listUITests */ = {
			isa = PBXNativeTarget;
			buildConfigurationList = 862B8E0A2C3426620027CC4C /* Build configuration list for PBXNativeTarget "todo-listUITests" */;
			buildPhases = (
				862B8DF62C3426620027CC4C /* Sources */,
				862B8DF72C3426620027CC4C /* Frameworks */,
				862B8DF82C3426620027CC4C /* Resources */,
			);
			buildRules = (
			);
			dependencies = (
				862B8DFC2C3426620027CC4C /* PBXTargetDependency */,
			);
			name = "todo-listUITests";
			productName = "todo-listUITests";
			productReference = 862B8DFA2C3426620027CC4C /* todo-listUITests.xctest */;
			productType = "com.apple.product-type.bundle.ui-testing";
		};
/* End PBXNativeTarget section */

/* Begin PBXProject section */
		862B8DD82C3426600027CC4C /* Project object */ = {
			isa = PBXProject;
			attributes = {
				BuildIndependentTargetsInParallel = 1;
				LastSwiftUpdateCheck = 1540;
				LastUpgradeCheck = 1540;
				TargetAttributes = {
					862B8DDF2C3426600027CC4C = {
						CreatedOnToolsVersion = 15.4;
					};
					862B8DEF2C3426620027CC4C = {
						CreatedOnToolsVersion = 15.4;
						TestTargetID = 862B8DDF2C3426600027CC4C;
					};
					862B8DF92C3426620027CC4C = {
						CreatedOnToolsVersion = 15.4;
						TestTargetID = 862B8DDF2C3426600027CC4C;
					};
				};
			};
			buildConfigurationList = 862B8DDB2C3426600027CC4C /* Build configuration list for PBXProject "todo-list" */;
			compatibilityVersion = "Xcode 14.0";
			developmentRegion = en;
			hasScannedForEncodings = 0;
			knownRegions = (
				en,
				Base,
			);
			mainGroup = 862B8DD72C3426600027CC4C;
			packageReferences = (
				862B8E0D2C3427CD0027CC4C /* XCRemoteSwiftPackageReference "firebase-ios-sdk" */,
			);
			productRefGroup = 862B8DE12C3426600027CC4C /* Products */;
			projectDirPath = "";
			projectRoot = "";
			targets = (
				862B8DDF2C3426600027CC4C /* todo-list */,
				862B8DEF2C3426620027CC4C /* todo-listTests */,
				862B8DF92C3426620027CC4C /* todo-listUITests */,
			);
		};
/* End PBXProject section */

/* Begin PBXResourcesBuildPhase section */
		862B8DDE2C3426600027CC4C /* Resources */ = {
			isa = PBXResourcesBuildPhase;
			buildActionMask = 2147483647;
			files = (
				862B8DEB2C3426610027CC4C /* Preview Assets.xcassets in Resources */,
				862B8DE82C3426610027CC4C /* Assets.xcassets in Resources */,
				869291E22C349FA8000616A4 /* Launch Screen.storyboard in Resources */,
				869291B42C342FD1000616A4 /* GoogleService-Info.plist in Resources */,
			);
			runOnlyForDeploymentPostprocessing = 0;
		};
		862B8DEE2C3426620027CC4C /* Resources */ = {
			isa = PBXResourcesBuildPhase;
			buildActionMask = 2147483647;
			files = (
			);
			runOnlyForDeploymentPostprocessing = 0;
		};
		862B8DF82C3426620027CC4C /* Resources */ = {
			isa = PBXResourcesBuildPhase;
			buildActionMask = 2147483647;
			files = (
			);
			runOnlyForDeploymentPostprocessing = 0;
		};
/* End PBXResourcesBuildPhase section */

/* Begin PBXSourcesBuildPhase section */
		862B8DDC2C3426600027CC4C /* Sources */ = {
			isa = PBXSourcesBuildPhase;
			buildActionMask = 2147483647;
			files = (
				869291C82C343979000616A4 /* TodoListItem.swift in Sources */,
				869291D82C343E57000616A4 /* HeaderView.swift in Sources */,
				869291CE2C3439DA000616A4 /* TodoListItemsViewModel.swift in Sources */,
				869291C02C3438F4000616A4 /* LoginView.swift in Sources */,
				869291D62C343A2C000616A4 /* TodoListViewModel.swift in Sources */,
				869291D42C343A1A000616A4 /* RegisterViewModel.swift in Sources */,
				869291CA2C34399B000616A4 /* MainViewModel.swift in Sources */,
				869291DA2C3459CC000616A4 /* TLButton.swift in Sources */,
				862B8DE62C3426600027CC4C /* MainView.swift in Sources */,
				869291C42C343940000616A4 /* TodoListView.swift in Sources */,
				869291BC2C3438D9000616A4 /* TodoListItemsView.swift in Sources */,
				869291CC2C3439AB000616A4 /* ProfileViewModel.swift in Sources */,
				869291D22C343A08000616A4 /* LoginViewModel.swift in Sources */,
				869291D02C3439EA000616A4 /* NewItemViewModel.swift in Sources */,
				869291C22C34390C000616A4 /* RegisterView.swift in Sources */,
				869291DC2C346909000616A4 /* Extensions.swift in Sources */,
				869291C62C343968000616A4 /* User.swift in Sources */,
				869291BA2C3438C2000616A4 /* ProfileView.swift in Sources */,
				862B8DE42C3426600027CC4C /* todo_listApp.swift in Sources */,
				869291BE2C3438E6000616A4 /* NewItemView.swift in Sources */,
			);
			runOnlyForDeploymentPostprocessing = 0;
		};
		862B8DEC2C3426620027CC4C /* Sources */ = {
			isa = PBXSourcesBuildPhase;
			buildActionMask = 2147483647;
			files = (
				862B8DF52C3426620027CC4C /* todo_listTests.swift in Sources */,
			);
			runOnlyForDeploymentPostprocessing = 0;
		};
		862B8DF62C3426620027CC4C /* Sources */ = {
			isa = PBXSourcesBuildPhase;
			buildActionMask = 2147483647;
			files = (
				862B8E012C3426620027CC4C /* todo_listUITestsLaunchTests.swift in Sources */,
				862B8DFF2C3426620027CC4C /* todo_listUITests.swift in Sources */,
			);
			runOnlyForDeploymentPostprocessing = 0;
		};
/* End PBXSourcesBuildPhase section */

/* Begin PBXTargetDependency section */
		862B8DF22C3426620027CC4C /* PBXTargetDependency */ = {
			isa = PBXTargetDependency;
			target = 862B8DDF2C3426600027CC4C /* todo-list */;
			targetProxy = 862B8DF12C3426620027CC4C /* PBXContainerItemProxy */;
		};
		862B8DFC2C3426620027CC4C /* PBXTargetDependency */ = {
			isa = PBXTargetDependency;
			target = 862B8DDF2C3426600027CC4C /* todo-list */;
			targetProxy = 862B8DFB2C3426620027CC4C /* PBXContainerItemProxy */;
		};
/* End PBXTargetDependency section */

/* Begin XCBuildConfiguration section */
		862B8E022C3426620027CC4C /* Debug */ = {
			isa = XCBuildConfiguration;
			buildSettings = {
				ALWAYS_SEARCH_USER_PATHS = NO;
				ASSETCATALOG_COMPILER_GENERATE_SWIFT_ASSET_SYMBOL_EXTENSIONS = YES;
				CLANG_ANALYZER_NONNULL = YES;
				CLANG_ANALYZER_NUMBER_OBJECT_CONVERSION = YES_AGGRESSIVE;
				CLANG_CXX_LANGUAGE_STANDARD = "gnu++20";
				CLANG_ENABLE_MODULES = YES;
				CLANG_ENABLE_OBJC_ARC = YES;
				CLANG_ENABLE_OBJC_WEAK = YES;
				CLANG_WARN_BLOCK_CAPTURE_AUTORELEASING = YES;
				CLANG_WARN_BOOL_CONVERSION = YES;
				CLANG_WARN_COMMA = YES;
				CLANG_WARN_CONSTANT_CONVERSION = YES;
				CLANG_WARN_DEPRECATED_OBJC_IMPLEMENTATIONS = YES;
				CLANG_WARN_DIRECT_OBJC_ISA_USAGE = YES_ERROR;
				CLANG_WARN_DOCUMENTATION_COMMENTS = YES;
				CLANG_WARN_EMPTY_BODY = YES;
				CLANG_WARN_ENUM_CONVERSION = YES;
				CLANG_WARN_INFINITE_RECURSION = YES;
				CLANG_WARN_INT_CONVERSION = YES;
				CLANG_WARN_NON_LITERAL_NULL_CONVERSION = YES;
				CLANG_WARN_OBJC_IMPLICIT_RETAIN_SELF = YES;
				CLANG_WARN_OBJC_LITERAL_CONVERSION = YES;
				CLANG_WARN_OBJC_ROOT_CLASS = YES_ERROR;
				CLANG_WARN_QUOTED_INCLUDE_IN_FRAMEWORK_HEADER = YES;
				CLANG_WARN_RANGE_LOOP_ANALYSIS = YES;
				CLANG_WARN_STRICT_PROTOTYPES = YES;
				CLANG_WARN_SUSPICIOUS_MOVE = YES;
				CLANG_WARN_UNGUARDED_AVAILABILITY = YES_AGGRESSIVE;
				CLANG_WARN_UNREACHABLE_CODE = YES;
				CLANG_WARN__DUPLICATE_METHOD_MATCH = YES;
				COPY_PHASE_STRIP = NO;
				DEBUG_INFORMATION_FORMAT = dwarf;
				ENABLE_STRICT_OBJC_MSGSEND = YES;
				ENABLE_TESTABILITY = YES;
				ENABLE_USER_SCRIPT_SANDBOXING = YES;
				GCC_C_LANGUAGE_STANDARD = gnu17;
				GCC_DYNAMIC_NO_PIC = NO;
				GCC_NO_COMMON_BLOCKS = YES;
				GCC_OPTIMIZATION_LEVEL = 0;
				GCC_PREPROCESSOR_DEFINITIONS = (
					"DEBUG=1",
					"$(inherited)",
				);
				GCC_WARN_64_TO_32_BIT_CONVERSION = YES;
				GCC_WARN_ABOUT_RETURN_TYPE = YES_ERROR;
				GCC_WARN_UNDECLARED_SELECTOR = YES;
				GCC_WARN_UNINITIALIZED_AUTOS = YES_AGGRESSIVE;
				GCC_WARN_UNUSED_FUNCTION = YES;
				GCC_WARN_UNUSED_VARIABLE = YES;
				IPHONEOS_DEPLOYMENT_TARGET = 17.5;
				LOCALIZATION_PREFERS_STRING_CATALOGS = YES;
				MTL_ENABLE_DEBUG_INFO = INCLUDE_SOURCE;
				MTL_FAST_MATH = YES;
				ONLY_ACTIVE_ARCH = YES;
				SDKROOT = iphoneos;
				SWIFT_ACTIVE_COMPILATION_CONDITIONS = "DEBUG $(inherited)";
				SWIFT_OPTIMIZATION_LEVEL = "-Onone";
			};
			name = Debug;
		};
		862B8E032C3426620027CC4C /* Release */ = {
			isa = XCBuildConfiguration;
			buildSettings = {
				ALWAYS_SEARCH_USER_PATHS = NO;
				ASSETCATALOG_COMPILER_GENERATE_SWIFT_ASSET_SYMBOL_EXTENSIONS = YES;
				CLANG_ANALYZER_NONNULL = YES;
				CLANG_ANALYZER_NUMBER_OBJECT_CONVERSION = YES_AGGRESSIVE;
				CLANG_CXX_LANGUAGE_STANDARD = "gnu++20";
				CLANG_ENABLE_MODULES = YES;
				CLANG_ENABLE_OBJC_ARC = YES;
				CLANG_ENABLE_OBJC_WEAK = YES;
				CLANG_WARN_BLOCK_CAPTURE_AUTORELEASING = YES;
				CLANG_WARN_BOOL_CONVERSION = YES;
				CLANG_WARN_COMMA = YES;
				CLANG_WARN_CONSTANT_CONVERSION = YES;
				CLANG_WARN_DEPRECATED_OBJC_IMPLEMENTATIONS = YES;
				CLANG_WARN_DIRECT_OBJC_ISA_USAGE = YES_ERROR;
				CLANG_WARN_DOCUMENTATION_COMMENTS = YES;
				CLANG_WARN_EMPTY_BODY = YES;
				CLANG_WARN_ENUM_CONVERSION = YES;
				CLANG_WARN_INFINITE_RECURSION = YES;
				CLANG_WARN_INT_CONVERSION = YES;
				CLANG_WARN_NON_LITERAL_NULL_CONVERSION = YES;
				CLANG_WARN_OBJC_IMPLICIT_RETAIN_SELF = YES;
				CLANG_WARN_OBJC_LITERAL_CONVERSION = YES;
				CLANG_WARN_OBJC_ROOT_CLASS = YES_ERROR;
				CLANG_WARN_QUOTED_INCLUDE_IN_FRAMEWORK_HEADER = YES;
				CLANG_WARN_RANGE_LOOP_ANALYSIS = YES;
				CLANG_WARN_STRICT_PROTOTYPES = YES;
				CLANG_WARN_SUSPICIOUS_MOVE = YES;
				CLANG_WARN_UNGUARDED_AVAILABILITY = YES_AGGRESSIVE;
				CLANG_WARN_UNREACHABLE_CODE = YES;
				CLANG_WARN__DUPLICATE_METHOD_MATCH = YES;
				COPY_PHASE_STRIP = NO;
				DEBUG_INFORMATION_FORMAT = "dwarf-with-dsym";
				ENABLE_NS_ASSERTIONS = NO;
				ENABLE_STRICT_OBJC_MSGSEND = YES;
				ENABLE_USER_SCRIPT_SANDBOXING = YES;
				GCC_C_LANGUAGE_STANDARD = gnu17;
				GCC_NO_COMMON_BLOCKS = YES;
				GCC_WARN_64_TO_32_BIT_CONVERSION = YES;
				GCC_WARN_ABOUT_RETURN_TYPE = YES_ERROR;
				GCC_WARN_UNDECLARED_SELECTOR = YES;
				GCC_WARN_UNINITIALIZED_AUTOS = YES_AGGRESSIVE;
				GCC_WARN_UNUSED_FUNCTION = YES;
				GCC_WARN_UNUSED_VARIABLE = YES;
				IPHONEOS_DEPLOYMENT_TARGET = 17.5;
				LOCALIZATION_PREFERS_STRING_CATALOGS = YES;
				MTL_ENABLE_DEBUG_INFO = NO;
				MTL_FAST_MATH = YES;
				SDKROOT = iphoneos;
				SWIFT_COMPILATION_MODE = wholemodule;
				VALIDATE_PRODUCT = YES;
			};
			name = Release;
		};
		862B8E052C3426620027CC4C /* Debug */ = {
			isa = XCBuildConfiguration;
			buildSettings = {
				ASSETCATALOG_COMPILER_APPICON_NAME = AppIcon;
				ASSETCATALOG_COMPILER_GLOBAL_ACCENT_COLOR_NAME = AccentColor;
				CODE_SIGN_STYLE = Automatic;
				CURRENT_PROJECT_VERSION = 1;
				DEVELOPMENT_ASSET_PATHS = "\"todo-list/Preview Content\"";
				ENABLE_PREVIEWS = YES;
				GENERATE_INFOPLIST_FILE = YES;
				INFOPLIST_KEY_UIApplicationSceneManifest_Generation = YES;
				INFOPLIST_KEY_UIApplicationSupportsIndirectInputEvents = YES;
				INFOPLIST_KEY_UILaunchScreen_Generation = YES;
				INFOPLIST_KEY_UILaunchStoryboardName = "Launch Screen.storyboard";
				INFOPLIST_KEY_UISupportedInterfaceOrientations_iPad = "UIInterfaceOrientationPortrait UIInterfaceOrientationPortraitUpsideDown UIInterfaceOrientationLandscapeLeft UIInterfaceOrientationLandscapeRight";
				INFOPLIST_KEY_UISupportedInterfaceOrientations_iPhone = "UIInterfaceOrientationPortrait UIInterfaceOrientationLandscapeLeft UIInterfaceOrientationLandscapeRight";
				LD_RUNPATH_SEARCH_PATHS = (
					"$(inherited)",
					"@executable_path/Frameworks",
				);
				MARKETING_VERSION = 1.0;
				PRODUCT_BUNDLE_IDENTIFIER = "net.w8zjt.todo-list";
				PRODUCT_NAME = "$(TARGET_NAME)";
				SWIFT_EMIT_LOC_STRINGS = YES;
				SWIFT_VERSION = 5.0;
				TARGETED_DEVICE_FAMILY = "1,2";
			};
			name = Debug;
		};
		862B8E062C3426620027CC4C /* Release */ = {
			isa = XCBuildConfiguration;
			buildSettings = {
				ASSETCATALOG_COMPILER_APPICON_NAME = AppIcon;
				ASSETCATALOG_COMPILER_GLOBAL_ACCENT_COLOR_NAME = AccentColor;
				CODE_SIGN_STYLE = Automatic;
				CURRENT_PROJECT_VERSION = 1;
				DEVELOPMENT_ASSET_PATHS = "\"todo-list/Preview Content\"";
				ENABLE_PREVIEWS = YES;
				GENERATE_INFOPLIST_FILE = YES;
				INFOPLIST_KEY_UIApplicationSceneManifest_Generation = YES;
				INFOPLIST_KEY_UIApplicationSupportsIndirectInputEvents = YES;
				INFOPLIST_KEY_UILaunchScreen_Generation = YES;
				INFOPLIST_KEY_UILaunchStoryboardName = "Launch Screen.storyboard";
				INFOPLIST_KEY_UISupportedInterfaceOrientations_iPad = "UIInterfaceOrientationPortrait UIInterfaceOrientationPortraitUpsideDown UIInterfaceOrientationLandscapeLeft UIInterfaceOrientationLandscapeRight";
				INFOPLIST_KEY_UISupportedInterfaceOrientations_iPhone = "UIInterfaceOrientationPortrait UIInterfaceOrientationLandscapeLeft UIInterfaceOrientationLandscapeRight";
				LD_RUNPATH_SEARCH_PATHS = (
					"$(inherited)",
					"@executable_path/Frameworks",
				);
				MARKETING_VERSION = 1.0;
				PRODUCT_BUNDLE_IDENTIFIER = "net.w8zjt.todo-list";
				PRODUCT_NAME = "$(TARGET_NAME)";
				SWIFT_EMIT_LOC_STRINGS = YES;
				SWIFT_VERSION = 5.0;
				TARGETED_DEVICE_FAMILY = "1,2";
			};
			name = Release;
		};
		862B8E082C3426620027CC4C /* Debug */ = {
			isa = XCBuildConfiguration;
			buildSettings = {
				ALWAYS_EMBED_SWIFT_STANDARD_LIBRARIES = YES;
				BUNDLE_LOADER = "$(TEST_HOST)";
				CODE_SIGN_STYLE = Automatic;
				CURRENT_PROJECT_VERSION = 1;
				GENERATE_INFOPLIST_FILE = YES;
				IPHONEOS_DEPLOYMENT_TARGET = 17.5;
				MARKETING_VERSION = 1.0;
				PRODUCT_BUNDLE_IDENTIFIER = "net.w8zjt.todo-listTests";
				PRODUCT_NAME = "$(TARGET_NAME)";
				SWIFT_EMIT_LOC_STRINGS = NO;
				SWIFT_VERSION = 5.0;
				TARGETED_DEVICE_FAMILY = "1,2";
				TEST_HOST = "$(BUILT_PRODUCTS_DIR)/todo-list.app/$(BUNDLE_EXECUTABLE_FOLDER_PATH)/todo-list";
			};
			name = Debug;
		};
		862B8E092C3426620027CC4C /* Release */ = {
			isa = XCBuildConfiguration;
			buildSettings = {
				ALWAYS_EMBED_SWIFT_STANDARD_LIBRARIES = YES;
				BUNDLE_LOADER = "$(TEST_HOST)";
				CODE_SIGN_STYLE = Automatic;
				CURRENT_PROJECT_VERSION = 1;
				GENERATE_INFOPLIST_FILE = YES;
				IPHONEOS_DEPLOYMENT_TARGET = 17.5;
				MARKETING_VERSION = 1.0;
				PRODUCT_BUNDLE_IDENTIFIER = "net.w8zjt.todo-listTests";
				PRODUCT_NAME = "$(TARGET_NAME)";
				SWIFT_EMIT_LOC_STRINGS = NO;
				SWIFT_VERSION = 5.0;
				TARGETED_DEVICE_FAMILY = "1,2";
				TEST_HOST = "$(BUILT_PRODUCTS_DIR)/todo-list.app/$(BUNDLE_EXECUTABLE_FOLDER_PATH)/todo-list";
			};
			name = Release;
		};
		862B8E0B2C3426620027CC4C /* Debug */ = {
			isa = XCBuildConfiguration;
			buildSettings = {
				ALWAYS_EMBED_SWIFT_STANDARD_LIBRARIES = YES;
				CODE_SIGN_STYLE = Automatic;
				CURRENT_PROJECT_VERSION = 1;
				GENERATE_INFOPLIST_FILE = YES;
				MARKETING_VERSION = 1.0;
				PRODUCT_BUNDLE_IDENTIFIER = "net.w8zjt.todo-listUITests";
				PRODUCT_NAME = "$(TARGET_NAME)";
				SWIFT_EMIT_LOC_STRINGS = NO;
				SWIFT_VERSION = 5.0;
				TARGETED_DEVICE_FAMILY = "1,2";
				TEST_TARGET_NAME = "todo-list";
			};
			name = Debug;
		};
		862B8E0C2C3426620027CC4C /* Release */ = {
			isa = XCBuildConfiguration;
			buildSettings = {
				ALWAYS_EMBED_SWIFT_STANDARD_LIBRARIES = YES;
				CODE_SIGN_STYLE = Automatic;
				CURRENT_PROJECT_VERSION = 1;
				GENERATE_INFOPLIST_FILE = YES;
				MARKETING_VERSION = 1.0;
				PRODUCT_BUNDLE_IDENTIFIER = "net.w8zjt.todo-listUITests";
				PRODUCT_NAME = "$(TARGET_NAME)";
				SWIFT_EMIT_LOC_STRINGS = NO;
				SWIFT_VERSION = 5.0;
				TARGETED_DEVICE_FAMILY = "1,2";
				TEST_TARGET_NAME = "todo-list";
			};
			name = Release;
		};
/* End XCBuildConfiguration section */

/* Begin XCConfigurationList section */
		862B8DDB2C3426600027CC4C /* Build configuration list for PBXProject "todo-list" */ = {
			isa = XCConfigurationList;
			buildConfigurations = (
				862B8E022C3426620027CC4C /* Debug */,
				862B8E032C3426620027CC4C /* Release */,
			);
			defaultConfigurationIsVisible = 0;
			defaultConfigurationName = Release;
		};
		862B8E042C3426620027CC4C /* Build configuration list for PBXNativeTarget "todo-list" */ = {
			isa = XCConfigurationList;
			buildConfigurations = (
				862B8E052C3426620027CC4C /* Debug */,
				862B8E062C3426620027CC4C /* Release */,
			);
			defaultConfigurationIsVisible = 0;
			defaultConfigurationName = Release;
		};
		862B8E072C3426620027CC4C /* Build configuration list for PBXNativeTarget "todo-listTests" */ = {
			isa = XCConfigurationList;
			buildConfigurations = (
				862B8E082C3426620027CC4C /* Debug */,
				862B8E092C3426620027CC4C /* Release */,
			);
			defaultConfigurationIsVisible = 0;
			defaultConfigurationName = Release;
		};
		862B8E0A2C3426620027CC4C /* Build configuration list for PBXNativeTarget "todo-listUITests" */ = {
			isa = XCConfigurationList;
			buildConfigurations = (
				862B8E0B2C3426620027CC4C /* Debug */,
				862B8E0C2C3426620027CC4C /* Release */,
			);
			defaultConfigurationIsVisible = 0;
			defaultConfigurationName = Release;
		};
/* End XCConfigurationList section */

/* Begin XCRemoteSwiftPackageReference section */
		862B8E0D2C3427CD0027CC4C /* XCRemoteSwiftPackageReference "firebase-ios-sdk" */ = {
			isa = XCRemoteSwiftPackageReference;
			repositoryURL = "https://github.com/firebase/firebase-ios-sdk";
			requirement = {
				kind = upToNextMajorVersion;
				minimumVersion = 10.28.1;
			};
		};
/* End XCRemoteSwiftPackageReference section */

/* Begin XCSwiftPackageProductDependency section */
		869291AD2C342B8B000616A4 /* FirebaseAuth */ = {
			isa = XCSwiftPackageProductDependency;
			package = 862B8E0D2C3427CD0027CC4C /* XCRemoteSwiftPackageReference "firebase-ios-sdk" */;
			productName = FirebaseAuth;
		};
		869291DD2C346AAE000616A4 /* FirebaseFirestore */ = {
			isa = XCSwiftPackageProductDependency;
			package = 862B8E0D2C3427CD0027CC4C /* XCRemoteSwiftPackageReference "firebase-ios-sdk" */;
			productName = FirebaseFirestore;
		};
		869291DF2C346AAE000616A4 /* FirebaseFirestoreSwift */ = {
			isa = XCSwiftPackageProductDependency;
			package = 862B8E0D2C3427CD0027CC4C /* XCRemoteSwiftPackageReference "firebase-ios-sdk" */;
			productName = FirebaseFirestoreSwift;
		};
/* End XCSwiftPackageProductDependency section */
	};
	rootObject = 862B8DD82C3426600027CC4C /* Project object */;
}
